
Microsoft Visual Studio Solution File, Format Version 12.00
# Visual Studio Version 17
VisualStudioVersion = 17.1.32210.238
MinimumVisualStudioVersion = 10.0.40219.1
Project("{9A19103F-16F7-4668-BE54-9A1E7A4F7556}") = "HomeBanking.API", "HomeBanking.API\HomeBanking.API.csproj", "{7543ACEE-9BB8-4A84-980C-771D6D3DAC76}"
EndProject
Project("{9A19103F-16F7-4668-BE54-9A1E7A4F7556}") = "HomeBanking.Domain", "HomeBanking.Domain\HomeBanking.Domain.csproj", "{DF1C9D28-4304-4279-B906-3A6118CB4E83}"
EndProject
Project("{9A19103F-16F7-4668-BE54-9A1E7A4F7556}") = "HomeBanking.Infrastructure", "HomeBanking.Infrastructure\HomeBanking.Infrastructure.csproj", "{0AFD8D5F-ABA8-4F0E-9A21-4F74F3A27C1E}"
EndProject
Project("{E53339B2-1760-4266-BCC7-CA923CBCF16C}") = "docker-compose", "docker-compose.dcproj", "{53CCFE52-9C89-4051-BB78-8DFE866389E7}"
EndProject
Global
	GlobalSection(SolutionConfigurationPlatforms) = preSolution
		Debug|Any CPU = Debug|Any CPU
		Release|Any CPU = Release|Any CPU
	EndGlobalSection
	GlobalSection(ProjectConfigurationPlatforms) = postSolution
		{7543ACEE-9BB8-4A84-980C-771D6D3DAC76}.Debug|Any CPU.ActiveCfg = Debug|Any CPU
		{7543ACEE-9BB8-4A84-980C-771D6D3DAC76}.Debug|Any CPU.Build.0 = Debug|Any CPU
		{7543ACEE-9BB8-4A84-980C-771D6D3DAC76}.Release|Any CPU.ActiveCfg = Release|Any CPU
		{7543ACEE-9BB8-4A84-980C-771D6D3DAC76}.Release|Any CPU.Build.0 = Release|Any CPU
		{DF1C9D28-4304-4279-B906-3A6118CB4E83}.Debug|Any CPU.ActiveCfg = Debug|Any CPU
		{DF1C9D28-4304-4279-B906-3A6118CB4E83}.Debug|Any CPU.Build.0 = Debug|Any CPU
		{DF1C9D28-4304-4279-B906-3A6118CB4E83}.Release|Any CPU.ActiveCfg = Release|Any CPU
		{DF1C9D28-4304-4279-B906-3A6118CB4E83}.Release|Any CPU.Build.0 = Release|Any CPU
		{0AFD8D5F-ABA8-4F0E-9A21-4F74F3A27C1E}.Debug|Any CPU.ActiveCfg = Debug|Any CPU
		{0AFD8D5F-ABA8-4F0E-9A21-4F74F3A27C1E}.Debug|Any CPU.Build.0 = Debug|Any CPU
		{0AFD8D5F-ABA8-4F0E-9A21-4F74F3A27C1E}.Release|Any CPU.ActiveCfg = Release|Any CPU
		{0AFD8D5F-ABA8-4F0E-9A21-4F74F3A27C1E}.Release|Any CPU.Build.0 = Release|Any CPU
		{53CCFE52-9C89-4051-BB78-8DFE866389E7}.Debug|Any CPU.ActiveCfg = Debug|Any CPU
		{53CCFE52-9C89-4051-BB78-8DFE866389E7}.Debug|Any CPU.Build.0 = Debug|Any CPU
		{53CCFE52-9C89-4051-BB78-8DFE866389E7}.Release|Any CPU.ActiveCfg = Release|Any CPU
		{53CCFE52-9C89-4051-BB78-8DFE866389E7}.Release|Any CPU.Build.0 = Release|Any CPU
	EndGlobalSection
	GlobalSection(SolutionProperties) = preSolution
		HideSolutionNode = FALSE
	EndGlobalSection
	GlobalSection(ExtensibilityGlobals) = postSolution
		SolutionGuid = {A944E40C-BF09-4F19-B431-7D7E78B16DC3}
	EndGlobalSection
EndGlobal
